
Microsoft Visual Studio Solution File, Format Version 12.00
# Visual Studio Version 17
VisualStudioVersion = 17.8.34309.116
MinimumVisualStudioVersion = 10.0.40219.1
Project("{FAE04EC0-301F-11D3-BF4B-00C04F79EFBC}") = "SimpleAPI", "SimpleAPI.csproj", "{5EFE727A-7B0A-45B4-987E-09A075786D6C}"
EndProject
Global
	GlobalSection(SolutionConfigurationPlatforms) = preSolution
		Debug|Any CPU = Debug|Any CPU
		Release|Any CPU = Release|Any CPU
	EndGlobalSection
	GlobalSection(ProjectConfigurationPlatforms) = postSolution
		{5EFE727A-7B0A-45B4-987E-09A075786D6C}.Debug|Any CPU.ActiveCfg = Debug|Any CPU
		{5EFE727A-7B0A-45B4-987E-09A075786D6C}.Debug|Any CPU.Build.0 = Debug|Any CPU
		{5EFE727A-7B0A-45B4-987E-09A075786D6C}.Release|Any CPU.ActiveCfg = Release|Any CPU
		{5EFE727A-7B0A-45B4-987E-09A075786D6C}.Release|Any CPU.Build.0 = Release|Any CPU
	EndGlobalSection
	GlobalSection(SolutionProperties) = preSolution
		HideSolutionNode = FALSE
	EndGlobalSection
	GlobalSection(ExtensibilityGlobals) = postSolution
		SolutionGuid = {09781107-FD07-422D-AEB1-7043E2F941BF}
	EndGlobalSection
EndGlobal
